
Microsoft Visual Studio Solution File, Format Version 12.00
# Visual Studio Version 16
VisualStudioVersion = 16.0.29025.244
MinimumVisualStudioVersion = 10.0.40219.1
Project("{FAE04EC0-301F-11D3-BF4B-00C04F79EFBC}") = "JantarFilosofos", "JantarFilosofos\JantarFilosofos.csproj", "{7943E58E-B30A-4F34-A417-E7D2BC758A1E}"
EndProject
Global
	GlobalSection(SolutionConfigurationPlatforms) = preSolution
		Debug|Any CPU = Debug|Any CPU
		Release|Any CPU = Release|Any CPU
	EndGlobalSection
	GlobalSection(ProjectConfigurationPlatforms) = postSolution
		{7943E58E-B30A-4F34-A417-E7D2BC758A1E}.Debug|Any CPU.ActiveCfg = Debug|Any CPU
		{7943E58E-B30A-4F34-A417-E7D2BC758A1E}.Debug|Any CPU.Build.0 = Debug|Any CPU
		{7943E58E-B30A-4F34-A417-E7D2BC758A1E}.Release|Any CPU.ActiveCfg = Release|Any CPU
		{7943E58E-B30A-4F34-A417-E7D2BC758A1E}.Release|Any CPU.Build.0 = Release|Any CPU
	EndGlobalSection
	GlobalSection(SolutionProperties) = preSolution
		HideSolutionNode = FALSE
	EndGlobalSection
	GlobalSection(ExtensibilityGlobals) = postSolution
		SolutionGuid = {1533EF0E-7ED3-422B-9752-D3B99F400324}
	EndGlobalSection
EndGlobal
